
Microsoft Visual Studio Solution File, Format Version 12.00
# Visual Studio Version 16
VisualStudioVersion = 16.0.29613.14
MinimumVisualStudioVersion = 10.0.40219.1
Project("{FAE04EC0-301F-11D3-BF4B-00C04F79EFBC}") = "Javascript", "Javascript.csproj", "{EA127AC7-C7D9-405A-A4EF-07AF9C115BFD}"
EndProject
Global
	GlobalSection(SolutionConfigurationPlatforms) = preSolution
		Debug|Any CPU = Debug|Any CPU
		Release|Any CPU = Release|Any CPU
	EndGlobalSection
	GlobalSection(ProjectConfigurationPlatforms) = postSolution
		{EA127AC7-C7D9-405A-A4EF-07AF9C115BFD}.Debug|Any CPU.ActiveCfg = Debug|Any CPU
		{EA127AC7-C7D9-405A-A4EF-07AF9C115BFD}.Debug|Any CPU.Build.0 = Debug|Any CPU
		{EA127AC7-C7D9-405A-A4EF-07AF9C115BFD}.Release|Any CPU.ActiveCfg = Release|Any CPU
		{EA127AC7-C7D9-405A-A4EF-07AF9C115BFD}.Release|Any CPU.Build.0 = Release|Any CPU
	EndGlobalSection
	GlobalSection(SolutionProperties) = preSolution
		HideSolutionNode = FALSE
	EndGlobalSection
	GlobalSection(ExtensibilityGlobals) = postSolution
		SolutionGuid = {568A1A59-C516-49A4-A740-F09CDD9A364E}
	EndGlobalSection
EndGlobal
